
Microsoft Visual Studio Solution File, Format Version 12.00
# Visual Studio Version 17
VisualStudioVersion = 17.8.34330.188
MinimumVisualStudioVersion = 10.0.40219.1
Project("{FAE04EC0-301F-11D3-BF4B-00C04F79EFBC}") = "22.052.2024", "22.052.2024\22.052.2024.csproj", "{606D9CDA-97F3-4565-92DD-0AABA2577D37}"
EndProject
Global
	GlobalSection(SolutionConfigurationPlatforms) = preSolution
		Debug|Any CPU = Debug|Any CPU
		Release|Any CPU = Release|Any CPU
	EndGlobalSection
	GlobalSection(ProjectConfigurationPlatforms) = postSolution
		{606D9CDA-97F3-4565-92DD-0AABA2577D37}.Debug|Any CPU.ActiveCfg = Debug|Any CPU
		{606D9CDA-97F3-4565-92DD-0AABA2577D37}.Debug|Any CPU.Build.0 = Debug|Any CPU
		{606D9CDA-97F3-4565-92DD-0AABA2577D37}.Release|Any CPU.ActiveCfg = Release|Any CPU
		{606D9CDA-97F3-4565-92DD-0AABA2577D37}.Release|Any CPU.Build.0 = Release|Any CPU
	EndGlobalSection
	GlobalSection(SolutionProperties) = preSolution
		HideSolutionNode = FALSE
	EndGlobalSection
	GlobalSection(ExtensibilityGlobals) = postSolution
		SolutionGuid = {BA0738AF-2281-4B1D-BBE0-6D8880F6D8E8}
	EndGlobalSection
EndGlobal
